// !$*UTF8*$!
{
	archiveVersion = 1;
	classes = {
	};
	objectVersion = 46;
	objects = {

/* Begin PBXBuildFile section */
		F72658B51A2A0A9700A24B25 /* main.m in Sources */ = {isa = PBXBuildFile; fileRef = F72658B41A2A0A9700A24B25 /* main.m */; };
		F72658B81A2A0A9700A24B25 /* AppDelegate.m in Sources */ = {isa = PBXBuildFile; fileRef = F72658B71A2A0A9700A24B25 /* AppDelegate.m */; };
		F72658BB1A2A0A9700A24B25 /* ViewController.m in Sources */ = {isa = PBXBuildFile; fileRef = F72658BA1A2A0A9700A24B25 /* ViewController.m */; };
		F72658BE1A2A0A9700A24B25 /* Main.storyboard in Resources */ = {isa = PBXBuildFile; fileRef = F72658BC1A2A0A9700A24B25 /* Main.storyboard */; };
		F72658C01A2A0A9700A24B25 /* Images.xcassets in Resources */ = {isa = PBXBuildFile; fileRef = F72658BF1A2A0A9700A24B25 /* Images.xcassets */; };
		F72658C31A2A0A9700A24B25 /* LaunchScreen.xib in Resources */ = {isa = PBXBuildFile; fileRef = F72658C11A2A0A9700A24B25 /* LaunchScreen.xib */; };
		F72658CF1A2A0A9700A24B25 /* iphone_navigation_controllerTests.m in Sources */ = {isa = PBXBuildFile; fileRef = F72658CE1A2A0A9700A24B25 /* iphone_navigation_controllerTests.m */; };
/* End PBXBuildFile section */

/* Begin PBXContainerItemProxy section */
		F72658C91A2A0A9700A24B25 /* PBXContainerItemProxy */ = {
			isa = PBXContainerItemProxy;
			containerPortal = F72658A71A2A0A9700A24B25 /* Project object */;
			proxyType = 1;
			remoteGlobalIDString = F72658AE1A2A0A9700A24B25;
			remoteInfo = iphone_navigation_controller;
		};
/* End PBXContainerItemProxy section */

/* Begin PBXFileReference section */
		F72658AF1A2A0A9700A24B25 /* iphone_navigation_controller.app */ = {isa = PBXFileReference; explicitFileType = wrapper.application; includeInIndex = 0; path = iphone_navigation_controller.app; sourceTree = BUILT_PRODUCTS_DIR; };
		F72658B31A2A0A9700A24B25 /* Info.plist */ = {isa = PBXFileReference; lastKnownFileType = text.plist.xml; path = Info.plist; sourceTree = "<group>"; };
		F72658B41A2A0A9700A24B25 /* main.m */ = {isa = PBXFileReference; lastKnownFileType = sourcecode.c.objc; path = main.m; sourceTree = "<group>"; };
		F72658B61A2A0A9700A24B25 /* AppDelegate.h */ = {isa = PBXFileReference; lastKnownFileType = sourcecode.c.h; path = AppDelegate.h; sourceTree = "<group>"; };
		F72658B71A2A0A9700A24B25 /* AppDelegate.m */ = {isa = PBXFileReference; lastKnownFileType = sourcecode.c.objc; path = AppDelegate.m; sourceTree = "<group>"; };
		F72658B91A2A0A9700A24B25 /* ViewController.h */ = {isa = PBXFileReference; lastKnownFileType = sourcecode.c.h; path = ViewController.h; sourceTree = "<group>"; };
		F72658BA1A2A0A9700A24B25 /* ViewController.m */ = {isa = PBXFileReference; lastKnownFileType = sourcecode.c.objc; path = ViewController.m; sourceTree = "<group>"; };
		F72658BD1A2A0A9700A24B25 /* Base */ = {isa = PBXFileReference; lastKnownFileType = file.storyboard; name = Base; path = Base.lproj/Main.storyboard; sourceTree = "<group>"; };
		F72658BF1A2A0A9700A24B25 /* Images.xcassets */ = {isa = PBXFileReference; lastKnownFileType = folder.assetcatalog; path = Images.xcassets; sourceTree = "<group>"; };
		F72658C21A2A0A9700A24B25 /* Base */ = {isa = PBXFileReference; lastKnownFileType = file.xib; name = Base; path = Base.lproj/LaunchScreen.xib; sourceTree = "<group>"; };
		F72658C81A2A0A9700A24B25 /* iphone_navigation_controllerTests.xctest */ = {isa = PBXFileReference; explicitFileType = wrapper.cfbundle; includeInIndex = 0; path = iphone_navigation_controllerTests.xctest; sourceTree = BUILT_PRODUCTS_DIR; };
		F72658CD1A2A0A9700A24B25 /* Info.plist */ = {isa = PBXFileReference; lastKnownFileType = text.plist.xml; path = Info.plist; sourceTree = "<group>"; };
		F72658CE1A2A0A9700A24B25 /* iphone_navigation_controllerTests.m */ = {isa = PBXFileReference; lastKnownFileType = sourcecode.c.objc; path = iphone_navigation_controllerTests.m; sourceTree = "<group>"; };
/* End PBXFileReference section */

/* Begin PBXFrameworksBuildPhase section */
		F72658AC1A2A0A9700A24B25 /* Frameworks */ = {
			isa = PBXFrameworksBuildPhase;
			buildActionMask = 2147483647;
			files = (
			);
			runOnlyForDeploymentPostprocessing = 0;
		};
		F72658C51A2A0A9700A24B25 /* Frameworks */ = {
			isa = PBXFrameworksBuildPhase;
			buildActionMask = 2147483647;
			files = (
			);
			runOnlyForDeploymentPostprocessing = 0;
		};
/* End PBXFrameworksBuildPhase section */

/* Begin PBXGroup section */
		F72658A61A2A0A9700A24B25 = {
			isa = PBXGroup;
			children = (
				F72658B11A2A0A9700A24B25 /* iphone_navigation_controller */,
				F72658CB1A2A0A9700A24B25 /* iphone_navigation_controllerTests */,
				F72658B01A2A0A9700A24B25 /* Products */,
			);
			sourceTree = "<group>";
		};
		F72658B01A2A0A9700A24B25 /* Products */ = {
			isa = PBXGroup;
			children = (
				F72658AF1A2A0A9700A24B25 /* iphone_navigation_controller.app */,
				F72658C81A2A0A9700A24B25 /* iphone_navigation_controllerTests.xctest */,
			);
			name = Products;
			sourceTree = "<group>";
		};
		F72658B11A2A0A9700A24B25 /* iphone_navigation_controller */ = {
			isa = PBXGroup;
			children = (
				F72658B61A2A0A9700A24B25 /* AppDelegate.h */,
				F72658B71A2A0A9700A24B25 /* AppDelegate.m */,
				F72658B91A2A0A9700A24B25 /* ViewController.h */,
				F72658BA1A2A0A9700A24B25 /* ViewController.m */,
				F72658BC1A2A0A9700A24B25 /* Main.storyboard */,
				F72658BF1A2A0A9700A24B25 /* Images.xcassets */,
				F72658C11A2A0A9700A24B25 /* LaunchScreen.xib */,
				F72658B21A2A0A9700A24B25 /* Supporting Files */,
			);
			path = iphone_navigation_controller;
			sourceTree = "<group>";
		};
		F72658B21A2A0A9700A24B25 /* Supporting Files */ = {
			isa = PBXGroup;
			children = (
				F72658B31A2A0A9700A24B25 /* Info.plist */,
				F72658B41A2A0A9700A24B25 /* main.m */,
			);
			name = "Supporting Files";
			sourceTree = "<group>";
		};
		F72658CB1A2A0A9700A24B25 /* iphone_navigation_controllerTests */ = {
			isa = PBXGroup;
			children = (
				F72658CE1A2A0A9700A24B25 /* iphone_navigation_controllerTests.m */,
				F72658CC1A2A0A9700A24B25 /* Supporting Files */,
			);
			path = iphone_navigation_controllerTests;
			sourceTree = "<group>";
		};
		F72658CC1A2A0A9700A24B25 /* Supporting Files */ = {
			isa = PBXGroup;
			children = (
				F72658CD1A2A0A9700A24B25 /* Info.plist */,
			);
			name = "Supporting Files";
			sourceTree = "<group>";
		};
/* End PBXGroup section */

/* Begin PBXNativeTarget section */
		F72658AE1A2A0A9700A24B25 /* iphone_navigation_controller */ = {
			isa = PBXNativeTarget;
			buildConfigurationList = F72658D21A2A0A9700A24B25 /* Build configuration list for PBXNativeTarget "iphone_navigation_controller" */;
			buildPhases = (
				F72658AB1A2A0A9700A24B25 /* Sources */,
				F72658AC1A2A0A9700A24B25 /* Frameworks */,
				F72658AD1A2A0A9700A24B25 /* Resources */,
			);
			buildRules = (
			);
			dependencies = (
			);
			name = iphone_navigation_controller;
			productName = iphone_navigation_controller;
			productReference = F72658AF1A2A0A9700A24B25 /* iphone_navigation_controller.app */;
			productType = "com.apple.product-type.application";
		};
		F72658C71A2A0A9700A24B25 /* iphone_navigation_controllerTests */ = {
			isa = PBXNativeTarget;
			buildConfigurationList = F72658D51A2A0A9700A24B25 /* Build configuration list for PBXNativeTarget "iphone_navigation_controllerTests" */;
			buildPhases = (
				F72658C41A2A0A9700A24B25 /* Sources */,
				F72658C51A2A0A9700A24B25 /* Frameworks */,
				F72658C61A2A0A9700A24B25 /* Resources */,
			);
			buildRules = (
			);
			dependencies = (
				F72658CA1A2A0A9700A24B25 /* PBXTargetDependency */,
			);
			name = iphone_navigation_controllerTests;
			productName = iphone_navigation_controllerTests;
			productReference = F72658C81A2A0A9700A24B25 /* iphone_navigation_controllerTests.xctest */;
			productType = "com.apple.product-type.bundle.unit-test";
		};
/* End PBXNativeTarget section */

/* Begin PBXProject section */
		F72658A71A2A0A9700A24B25 /* Project object */ = {
			isa = PBXProject;
			attributes = {
				LastUpgradeCheck = 0610;
				ORGANIZATIONNAME = Yahoo;
				TargetAttributes = {
					F72658AE1A2A0A9700A24B25 = {
						CreatedOnToolsVersion = 6.1;
					};
					F72658C71A2A0A9700A24B25 = {
						CreatedOnToolsVersion = 6.1;
						TestTargetID = F72658AE1A2A0A9700A24B25;
					};
				};
			};
			buildConfigurationList = F72658AA1A2A0A9700A24B25 /* Build configuration list for PBXProject "iphone_navigation_controller" */;
			compatibilityVersion = "Xcode 3.2";
			developmentRegion = English;
			hasScannedForEncodings = 0;
			knownRegions = (
				en,
				Base,
			);
			mainGroup = F72658A61A2A0A9700A24B25;
			productRefGroup = F72658B01A2A0A9700A24B25 /* Products */;
			projectDirPath = "";
			projectRoot = "";
			targets = (
				F72658AE1A2A0A9700A24B25 /* iphone_navigation_controller */,
				F72658C71A2A0A9700A24B25 /* iphone_navigation_controllerTests */,
			);
		};
/* End PBXProject section */

/* Begin PBXResourcesBuildPhase section */
		F72658AD1A2A0A9700A24B25 /* Resources */ = {
			isa = PBXResourcesBuildPhase;
			buildActionMask = 2147483647;
			files = (
				F72658BE1A2A0A9700A24B25 /* Main.storyboard in Resources */,
				F72658C31A2A0A9700A24B25 /* LaunchScreen.xib in Resources */,
				F72658C01A2A0A9700A24B25 /* Images.xcassets in Resources */,
			);
			runOnlyForDeploymentPostprocessing = 0;
		};
		F72658C61A2A0A9700A24B25 /* Resources */ = {
			isa = PBXResourcesBuildPhase;
			buildActionMask = 2147483647;
			files = (
			);
			runOnlyForDeploymentPostprocessing = 0;
		};
/* End PBXResourcesBuildPhase section */

/* Begin PBXSourcesBuildPhase section */
		F72658AB1A2A0A9700A24B25 /* Sources */ = {
			isa = PBXSourcesBuildPhase;
			buildActionMask = 2147483647;
			files = (
				F72658BB1A2A0A9700A24B25 /* ViewController.m in Sources */,
				F72658B81A2A0A9700A24B25 /* AppDelegate.m in Sources */,
				F72658B51A2A0A9700A24B25 /* main.m in Sources */,
			);
			runOnlyForDeploymentPostprocessing = 0;
		};
		F72658C41A2A0A9700A24B25 /* Sources */ = {
			isa = PBXSourcesBuildPhase;
			buildActionMask = 2147483647;
			files = (
				F72658CF1A2A0A9700A24B25 /* iphone_navigation_controllerTests.m in Sources */,
			);
			runOnlyForDeploymentPostprocessing = 0;
		};
/* End PBXSourcesBuildPhase section */

/* Begin PBXTargetDependency section */
		F72658CA1A2A0A9700A24B25 /* PBXTargetDependency */ = {
			isa = PBXTargetDependency;
			target = F72658AE1A2A0A9700A24B25 /* iphone_navigation_controller */;
			targetProxy = F72658C91A2A0A9700A24B25 /* PBXContainerItemProxy */;
		};
/* End PBXTargetDependency section */

/* Begin PBXVariantGroup section */
		F72658BC1A2A0A9700A24B25 /* Main.storyboard */ = {
			isa = PBXVariantGroup;
			children = (
				F72658BD1A2A0A9700A24B25 /* Base */,
			);
			name = Main.storyboard;
			sourceTree = "<group>";
		};
		F72658C11A2A0A9700A24B25 /* LaunchScreen.xib */ = {
			isa = PBXVariantGroup;
			children = (
				F72658C21A2A0A9700A24B25 /* Base */,
			);
			name = LaunchScreen.xib;
			sourceTree = "<group>";
		};
/* End PBXVariantGroup section */

/* Begin XCBuildConfiguration section */
		F72658D01A2A0A9700A24B25 /* Debug */ = {
			isa = XCBuildConfiguration;
			buildSettings = {
				ALWAYS_SEARCH_USER_PATHS = NO;
				CLANG_CXX_LANGUAGE_STANDARD = "gnu++0x";
				CLANG_CXX_LIBRARY = "libc++";
				CLANG_ENABLE_MODULES = YES;
				CLANG_ENABLE_OBJC_ARC = YES;
				CLANG_WARN_BOOL_CONVERSION = YES;
				CLANG_WARN_CONSTANT_CONVERSION = YES;
				CLANG_WARN_DIRECT_OBJC_ISA_USAGE = YES_ERROR;
				CLANG_WARN_EMPTY_BODY = YES;
				CLANG_WARN_ENUM_CONVERSION = YES;
				CLANG_WARN_INT_CONVERSION = YES;
				CLANG_WARN_OBJC_ROOT_CLASS = YES_ERROR;
				CLANG_WARN_UNREACHABLE_CODE = YES;
				CLANG_WARN__DUPLICATE_METHOD_MATCH = YES;
				"CODE_SIGN_IDENTITY[sdk=iphoneos*]" = "iPhone Developer";
				COPY_PHASE_STRIP = NO;
				ENABLE_STRICT_OBJC_MSGSEND = YES;
				GCC_C_LANGUAGE_STANDARD = gnu99;
				GCC_DYNAMIC_NO_PIC = NO;
				GCC_OPTIMIZATION_LEVEL = 0;
				GCC_PREPROCESSOR_DEFINITIONS = (
					"DEBUG=1",
					"$(inherited)",
				);
				GCC_SYMBOLS_PRIVATE_EXTERN = NO;
				GCC_WARN_64_TO_32_BIT_CONVERSION = YES;
				GCC_WARN_ABOUT_RETURN_TYPE = YES_ERROR;
				GCC_WARN_UNDECLARED_SELECTOR = YES;
				GCC_WARN_UNINITIALIZED_AUTOS = YES_AGGRESSIVE;
				GCC_WARN_UNUSED_FUNCTION = YES;
				GCC_WARN_UNUSED_VARIABLE = YES;
				IPHONEOS_DEPLOYMENT_TARGET = 8.1;
				MTL_ENABLE_DEBUG_INFO = YES;
				ONLY_ACTIVE_ARCH = YES;
				SDKROOT = iphoneos;
			};
			name = Debug;
		};
		F72658D11A2A0A9700A24B25 /* Release */ = {
			isa = XCBuildConfiguration;
			buildSettings = {
				ALWAYS_SEARCH_USER_PATHS = NO;
				CLANG_CXX_LANGUAGE_STANDARD = "gnu++0x";
				CLANG_CXX_LIBRARY = "libc++";
				CLANG_ENABLE_MODULES = YES;
				CLANG_ENABLE_OBJC_ARC = YES;
				CLANG_WARN_BOOL_CONVERSION = YES;
				CLANG_WARN_CONSTANT_CONVERSION = YES;
				CLANG_WARN_DIRECT_OBJC_ISA_USAGE = YES_ERROR;
				CLANG_WARN_EMPTY_BODY = YES;
				CLANG_WARN_ENUM_CONVERSION = YES;
				CLANG_WARN_INT_CONVERSION = YES;
				CLANG_WARN_OBJC_ROOT_CLASS = YES_ERROR;
				CLANG_WARN_UNREACHABLE_CODE = YES;
				CLANG_WARN__DUPLICATE_METHOD_MATCH = YES;
				"CODE_SIGN_IDENTITY[sdk=iphoneos*]" = "iPhone Developer";
				COPY_PHASE_STRIP = YES;
				ENABLE_NS_ASSERTIONS = NO;
				ENABLE_STRICT_OBJC_MSGSEND = YES;
				GCC_C_LANGUAGE_STANDARD = gnu99;
				GCC_WARN_64_TO_32_BIT_CONVERSION = YES;
				GCC_WARN_ABOUT_RETURN_TYPE = YES_ERROR;
				GCC_WARN_UNDECLARED_SELECTOR = YES;
				GCC_WARN_UNINITIALIZED_AUTOS = YES_AGGRESSIVE;
				GCC_WARN_UNUSED_FUNCTION = YES;
				GCC_WARN_UNUSED_VARIABLE = YES;
				IPHONEOS_DEPLOYMENT_TARGET = 8.1;
				MTL_ENABLE_DEBUG_INFO = NO;
				SDKROOT = iphoneos;
				VALIDATE_PRODUCT = YES;
			};
			name = Release;
		};
		F72658D31A2A0A9700A24B25 /* Debug */ = {
			isa = XCBuildConfiguration;
			buildSettings = {
				ASSETCATALOG_COMPILER_APPICON_NAME = AppIcon;
				INFOPLIST_FILE = iphone_navigation_controller/Info.plist;
				LD_RUNPATH_SEARCH_PATHS = "$(inherited) @executable_path/Frameworks";
				PRODUCT_NAME = "$(TARGET_NAME)";
			};
			name = Debug;
		};
		F72658D41A2A0A9700A24B25 /* Release */ = {
			isa = XCBuildConfiguration;
			buildSettings = {
				ASSETCATALOG_COMPILER_APPICON_NAME = AppIcon;
				INFOPLIST_FILE = iphone_navigation_controller/Info.plist;
				LD_RUNPATH_SEARCH_PATHS = "$(inherited) @executable_path/Frameworks";
				PRODUCT_NAME = "$(TARGET_NAME)";
			};
			name = Release;
		};
		F72658D61A2A0A9700A24B25 /* Debug */ = {
			isa = XCBuildConfiguration;
			buildSettings = {
				BUNDLE_LOADER = "$(TEST_HOST)";
				FRAMEWORK_SEARCH_PATHS = (
					"$(SDKROOT)/Developer/Library/Frameworks",
					"$(inherited)",
				);
				GCC_PREPROCESSOR_DEFINITIONS = (
					"DEBUG=1",
					"$(inherited)",
				);
				INFOPLIST_FILE = iphone_navigation_controllerTests/Info.plist;
				LD_RUNPATH_SEARCH_PATHS = "$(inherited) @executable_path/Frameworks @loader_path/Frameworks";
				PRODUCT_NAME = "$(TARGET_NAME)";
				TEST_HOST = "$(BUILT_PRODUCTS_DIR)/iphone_navigation_controller.app/iphone_navigation_controller";
			};
			name = Debug;
		};
		F72658D71A2A0A9700A24B25 /* Release */ = {
			isa = XCBuildConfiguration;
			buildSettings = {
				BUNDLE_LOADER = "$(TEST_HOST)";
				FRAMEWORK_SEARCH_PATHS = (
					"$(SDKROOT)/Developer/Library/Frameworks",
					"$(inherited)",
				);
				INFOPLIST_FILE = iphone_navigation_controllerTests/Info.plist;
				LD_RUNPATH_SEARCH_PATHS = "$(inherited) @executable_path/Frameworks @loader_path/Frameworks";
				PRODUCT_NAME = "$(TARGET_NAME)";
				TEST_HOST = "$(BUILT_PRODUCTS_DIR)/iphone_navigation_controller.app/iphone_navigation_controller";
			};
			name = Release;
		};
/* End XCBuildConfiguration section */

/* Begin XCConfigurationList section */
		F72658AA1A2A0A9700A24B25 /* Build configuration list for PBXProject "iphone_navigation_controller" */ = {
			isa = XCConfigurationList;
			buildConfigurations = (
				F72658D01A2A0A9700A24B25 /* Debug */,
				F72658D11A2A0A9700A24B25 /* Release */,
			);
			defaultConfigurationIsVisible = 0;
			defaultConfigurationName = Release;
		};
		F72658D21A2A0A9700A24B25 /* Build configuration list for PBXNativeTarget "iphone_navigation_controller" */ = {
			isa = XCConfigurationList;
			buildConfigurations = (
				F72658D31A2A0A9700A24B25 /* Debug */,
				F72658D41A2A0A9700A24B25 /* Release */,
			);
			defaultConfigurationIsVisible = 0;
		};
		F72658D51A2A0A9700A24B25 /* Build configuration list for PBXNativeTarget "iphone_navigation_controllerTests" */ = {
			isa = XCConfigurationList;
			buildConfigurations = (
				F72658D61A2A0A9700A24B25 /* Debug */,
				F72658D71A2A0A9700A24B25 /* Release */,
			);
			defaultConfigurationIsVisible = 0;
		};
/* End XCConfigurationList section */
	};
	rootObject = F72658A71A2A0A9700A24B25 /* Project object */;
}
